
Microsoft Visual Studio Solution File, Format Version 12.00
# Visual Studio Version 16
VisualStudioVersion = 16.0.30320.27
MinimumVisualStudioVersion = 10.0.40219.1
Project("{FAE04EC0-301F-11D3-BF4B-00C04F79EFBC}") = "ParkingManagement", "ParkingManagement\ParkingManagement.csproj", "{16059B90-6C63-43A9-89A7-05037B76329A}"
EndProject
Global
	GlobalSection(SolutionConfigurationPlatforms) = preSolution
		Debug|Any CPU = Debug|Any CPU
		Release|Any CPU = Release|Any CPU
	EndGlobalSection
	GlobalSection(ProjectConfigurationPlatforms) = postSolution
		{16059B90-6C63-43A9-89A7-05037B76329A}.Debug|Any CPU.ActiveCfg = Debug|Any CPU
		{16059B90-6C63-43A9-89A7-05037B76329A}.Debug|Any CPU.Build.0 = Debug|Any CPU
		{16059B90-6C63-43A9-89A7-05037B76329A}.Release|Any CPU.ActiveCfg = Release|Any CPU
		{16059B90-6C63-43A9-89A7-05037B76329A}.Release|Any CPU.Build.0 = Release|Any CPU
	EndGlobalSection
	GlobalSection(SolutionProperties) = preSolution
		HideSolutionNode = FALSE
	EndGlobalSection
	GlobalSection(ExtensibilityGlobals) = postSolution
		SolutionGuid = {0B01A1DB-FCD0-4654-A227-7B4FB1F6C83B}
	EndGlobalSection
EndGlobal
